{
    "_meta": {
        "hash": {
            "sha256": "8727f1af010c56c3d89d6500c707352ceeb9bdff1d0467ba9a981ccacf5986f2"
        },
        "pipfile-spec": 6,
        "requires": {
            "python_version": "3"
        },
        "sources": [
            {
                "name": "pypi",
                "url": "https://pypi.org/simple",
                "verify_ssl": true
            }
        ]
    },
    "default": {
        "appdirs": {
            "hashes": [
                "sha256:7d5d0167b2b1ba821647616af46a749d1c653740dd0d2415100fe26e27afdf41",
                "sha256:a841dacd6b99318a741b166adb07e19ee71a274450e68237b4650ca1055ab128"
            ],
            "version": "==1.4.4"
        },
        "asttokens": {
            "hashes": [
                "sha256:c61e16246ecfb2cde2958406b4c8ebc043c9e6d73aaa83c941673b35e5d3a76b",
                "sha256:e3305297c744ae53ffa032c45dc347286165e4ffce6875dc662b205db0623d86"
            ],
            "version": "==2.0.8"
        },
        "certifi": {
            "hashes": [
                "sha256:0d9c601124e5a6ba9712dbc60d9c53c21e34f5f641fe83002317394311bdce14",
                "sha256:90c1a32f1d68f940488354e36370f6cca89f0f106db09518524c88d6ed83f382"
            ],
            "markers": "python_version >= '3.6'",
            "version": "==2022.9.24"
        },
        "chardet": {
            "hashes": [
                "sha256:0d6f53a15db4120f2b08c94f11e7d93d2c911ee118b6b30a04ec3ee8310179fa",
                "sha256:f864054d66fd9118f2e67044ac8981a54775ec5b67aed0441892edb553d21da5"
            ],
            "markers": "python_version >= '2.7' and python_version not in '3.0, 3.1, 3.2, 3.3, 3.4'",
            "version": "==4.0.0"
        },
        "ecdsa": {
            "hashes": [
                "sha256:190348041559e21b22a1d65cee485282ca11a6f81d503fddb84d5017e9ed1e49",
                "sha256:80600258e7ed2f16b9aa1d7c295bd70194109ad5a30fdee0eaeefef1d4c559dd"
            ],
            "markers": "python_version >= '2.6' and python_version not in '3.0, 3.1, 3.2, 3.3'",
            "version": "==0.18.0"
        },
        "executing": {
            "hashes": [
                "sha256:236ea5f059a38781714a8bfba46a70fad3479c2f552abee3bbafadc57ed111b8",
                "sha256:b0d7f8dcc2bac47ce6e39374397e7acecea6fdc380a6d5323e26185d70f38ea8"
            ],
            "version": "==1.1.1"
        },
        "funcy": {
            "hashes": [
                "sha256:40b9b9a88141ae6a174df1a95861f2b82f2fdc17669080788b73a3ed9370e968",
                "sha256:ba7af5e58bfc69321aaf860a1547f18d35e145706b95d1b3c966abc4f0b60309"
            ],
            "version": "==1.17"
        },
        "future": {
            "hashes": [
                "sha256:b1bead90b70cf6ec3f0710ae53a525360fa360d306a86583adc6bf83a4db537d"
            ],
            "markers": "python_version >= '2.6' and python_version not in '3.0, 3.1, 3.2, 3.3'",
            "version": "==0.18.2"
        },
        "hivepy": {
            "hashes": [
                "sha256:56f53ee48606a77a11f2ada53f8ac01098043afa994f3f0451d1f28f25d8ba2f",
                "sha256:7329894d7f47330f77bcbfc362ec67b89da0879df77284a4b1a9ce0d98d898cf"
            ],
            "index": "pypi",
            "version": "==0.10"
        },
        "idna": {
            "hashes": [
                "sha256:b307872f855b18632ce0c21c5e45be78c0ea7ae4c15c828c20788b26921eb3f6",
                "sha256:b97d804b1e9b523befed77c48dacec60e6dcb0b5391d57af6a65a312a90648c0"
            ],
            "markers": "python_version >= '2.7' and python_version not in '3.0, 3.1, 3.2, 3.3'",
            "version": "==2.10"
        },
        "langdetect": {
            "hashes": [
                "sha256:7cbc0746252f19e76f77c0b1690aadf01963be835ef0cd4b56dddf2a8f1dfc2a",
                "sha256:cbc1fef89f8d062739774bd51eda3da3274006b3661d199c2655f6b3f6d605a0"
            ],
            "version": "==1.0.9"
        },
        "littleutils": {
            "hashes": [
                "sha256:e6cae3a4203e530d51c9667ed310ffe3b1948f2876e3d69605b3de4b7d96916f"
            ],
            "version": "==0.2.2"
        },
        "loguru": {
            "hashes": [
                "sha256:b28e72ac7a98be3d28ad28570299a393dfcd32e5e3f6a353dec94675767b6319",
                "sha256:f8087ac396b5ee5f67c963b495d615ebbceac2796379599820e324419d53667c"
            ],
            "index": "pypi",
            "version": "==0.5.3"
        },
        "munch": {
            "hashes": [
                "sha256:2d735f6f24d4dba3417fa448cae40c6e896ec1fdab6cdb5e6510999758a4dbd2",
                "sha256:6f44af89a2ce4ed04ff8de41f70b226b984db10a91dcc7b9ac2efc1c77022fdd"
            ],
            "index": "pypi",
            "version": "==2.5.0"
        },
        "prettytable": {
            "hashes": [
                "sha256:0d23ff81e165077d93367e1379d97893c7a51541483d25bad45b9647660ef06f",
                "sha256:7d7dd84d0b206f2daac4471a72f299d6907f34516064feb2838e333a4e2567bd"
            ],
            "markers": "python_version >= '3.7'",
            "version": "==3.4.1"
        },
        "pycrypto": {
            "hashes": [
                "sha256:f2ce1e989b272cfcb677616763e0a2e7ec659effa67a88aa92b3a65528f60a3c"
            ],
            "version": "==2.6.1"
        },
        "pylibscrypt": {
            "hashes": [
                "sha256:5afffc2cf056de86a000c13627ddca87fac14380939694aa6fbf4875926c0146"
            ],
            "version": "==2.0.0"
        },
        "pyyaml": {
            "hashes": [
                "sha256:02c78d77281d8f8d07a255e57abdbf43b02257f59f50cc6b636937d68efa5dd0",
                "sha256:0dc9f2eb2e3c97640928dec63fd8dc1dd91e6b6ed236bd5ac00332b99b5c2ff9",
                "sha256:124fd7c7bc1e95b1eafc60825f2daf67c73ce7b33f1194731240d24b0d1bf628",
                "sha256:26fcb33776857f4072601502d93e1a619f166c9c00befb52826e7b774efaa9db",
                "sha256:31ba07c54ef4a897758563e3a0fcc60077698df10180abe4b8165d9895c00ebf",
                "sha256:3c49e39ac034fd64fd576d63bb4db53cda89b362768a67f07749d55f128ac18a",
                "sha256:52bf0930903818e600ae6c2901f748bc4869c0c406056f679ab9614e5d21a166",
                "sha256:5a3f345acff76cad4aa9cb171ee76c590f37394186325d53d1aa25318b0d4a09",
                "sha256:5e7ac4e0e79a53451dc2814f6876c2fa6f71452de1498bbe29c0b54b69a986f4",
                "sha256:7242790ab6c20316b8e7bb545be48d7ed36e26bbe279fd56f2c4a12510e60b4b",
                "sha256:737bd70e454a284d456aa1fa71a0b429dd527bcbf52c5c33f7c8eee81ac16b89",
                "sha256:8635d53223b1f561b081ff4adecb828fd484b8efffe542edcfdff471997f7c39",
                "sha256:8b818b6c5a920cbe4203b5a6b14256f0e5244338244560da89b7b0f1313ea4b6",
                "sha256:8bf38641b4713d77da19e91f8b5296b832e4db87338d6aeffe422d42f1ca896d",
                "sha256:a36a48a51e5471513a5aea920cdad84cbd56d70a5057cca3499a637496ea379c",
                "sha256:b2243dd033fd02c01212ad5c601dafb44fbb293065f430b0d3dbf03f3254d615",
                "sha256:cc547d3ead3754712223abb7b403f0a184e4c3eae18c9bb7fd15adef1597cc4b",
                "sha256:cc552b6434b90d9dbed6a4f13339625dc466fd82597119897e9489c953acbc22",
                "sha256:f3790156c606299ff499ec44db422f66f05a7363b39eb9d5b064f17bd7d7c47b",
                "sha256:f7a21e3d99aa3095ef0553e7ceba36fb693998fbb1226f1392ce33681047465f",
                "sha256:fdc6b2cb4b19e431994f25a9160695cc59a4e861710cc6fc97161c5e845fc579"
            ],
            "index": "pypi",
            "version": "==5.4"
        },
        "requests": {
            "hashes": [
                "sha256:27973dd4a904a4f13b263a19c866c13b92a39ed1c964655f025f3f8d3d75b804",
                "sha256:c210084e36a42ae6b9219e00e48287def368a26d03a048ddad7bfee44f75871e"
            ],
            "index": "pypi",
            "version": "==2.25.1"
        },
        "rfc3987": {
            "hashes": [
                "sha256:10702b1e51e5658843460b189b185c0366d2cf4cff716f13111b0ea9fd2dce53",
                "sha256:d3c4d257a560d544e9826b38bc81db676890c79ab9d7ac92b39c7a253d5ca733"
            ],
            "index": "pypi",
            "version": "==1.3.8"
        },
        "scrypt": {
            "hashes": [
                "sha256:02a00c05a3d434f473f3767b36c4d7e5122a72641b93b25c4cc0245e59b6ef58",
                "sha256:0d226c1c6744fb2e308b391410669b1df5cfe82637ffcb5ed489bf82b2d2eb78",
                "sha256:10ffebb09a3bc6a87d3a4d67e10de9c5d2557d240d71fdada42301173ba0a107",
                "sha256:17eb9097850988fedf78f0f7cc2be379699fbf9016e54be416c15a7314d5b661",
                "sha256:1b25f81ef66e1f0605d1ff5be9b799747b0ef56ae751a6308d4dc25980bc3156",
                "sha256:1ba29376d964f4ffefffc01f53d8ed5df123051996cfed1cba0c78e9b76dbdf1",
                "sha256:25fb074d9c4721d10f8abedacb20695a4d62c83a2f90e8791a75b29b3fc7f33d",
                "sha256:2b9c7fce4eaabe7a668924b851746f115be4cd337adc75e36b84dc8d0c28386f",
                "sha256:2e4f7c5cff06dfd45207760a81381aeb8dc9f88bc722794d82728a5449dbdb0d",
                "sha256:3069f6dd07115dd094d9301c8397f99aa141691029c1ab66847046673a3f8c4a",
                "sha256:3a008e868b68b56d9947e69c3f2bf42a8cb9a85f0b849d014c9d265932deb5b5",
                "sha256:3ca103672508ba4711df6b2dda1011aa0d347939cb2d5857c407b8e4544ec303",
                "sha256:47b9b6b312dfb98804fdb073d0cc7320f21e215d28c277018449e77e3763e70e",
                "sha256:56af4b0154c08e2d36c96c9b055fe104a3a0e829b04e272137c89e0e019b978a",
                "sha256:5b5d406b3dff9bd885065a0b1b5ad9e01739dbddd3c9d13749cb66cf1ad2623f",
                "sha256:5eebe8082494cac4d8db42325fe7a9344b4d0c84c90c7951abf1041f07a18318",
                "sha256:610930e3f4d52427664cb6afd402407fa07dbc1b7f3c6083c26abf16f63a6455",
                "sha256:61dfaff95a184fd32ddc69102e267c8b03daded9fc7ec02e64ff6cc68a91bb6e",
                "sha256:620f2a3a44ea20a1c013e94ced4f3e1d908fc8bb48c3475bbc155277b14386cf",
                "sha256:6dbb0f472ac6c27d336c0ef6e0d66ff7ef1112ebb79604c1a71faa725d105c72",
                "sha256:75fffdbb8deb7b481c12a2177b686c5a518083e5254f842b34057840f3f3795b",
                "sha256:76b9d5493487f0018e5c0926357eaa8a4a7120786268741169337e9d4e0b0612",
                "sha256:776b6778d6bdd0794b404f20af9509c8e09dc0b7bc5683e2b6612a6ca8231b11",
                "sha256:809b423a7107c5dd047c8bd1733a33fb0c5f16a884d9a2389e8446945fbcce0c",
                "sha256:84e2d37bea004c737352f507fa0b4b3d9fa0bffc027331d3291a4e523066cc3c",
                "sha256:9c986af7320b4bf967934b505ee019243282b575e07d9f8517596a6254586482",
                "sha256:9e4f565feb2cad4c126a66037d6569917aaaaf35f5fecf7a179421b68d584f1a",
                "sha256:ae606705fa1d54aa0d5ba8e3272bb4d3f801543c8090e11ced00de46c4feff40",
                "sha256:c7a248180b82738738693abfff6d6e9418d04c3ad533eefe839b4d8a3dd2e534",
                "sha256:d2d3031aa4a11a1ca2e1145526517a761f3f3cf6fd0e039b25daaa79a54d6b42",
                "sha256:d2e3bcbcd98da1ca3c4adfb62693a445a8c88b65ce507df502a8c5a7966d19f3",
                "sha256:e90edf96a805e4ea981201b21065717f61f1fd718cb5000ce0445fabcaa0d988",
                "sha256:efaa4ad229cc46760a6e5b9fdf2dc71a13db06ee455ec749ea8adacad2ba78a8",
                "sha256:efac56d0c6b7d7b806ebfeb2154bd39cdb511f0ccb9e197e945a07980f001245",
                "sha256:f6367c71527ad1b107644eb17e77509c0b37fdbd5cca0a5e1180d1a4a37b61ca",
                "sha256:f9fd69646cb8015525eff22292b5545d10490dcb8d0ce429b47f4952cd840aef",
                "sha256:fecc315a58bbf409807ef6e6f1aaffb2cba90898f9283e47513a09b09ad8f49d",
                "sha256:ff96e6025176363c90f5fb6bb7b80b25605010de7972e2d5097ff9f9adb08f87"
            ],
            "version": "==0.8.20"
        },
        "six": {
            "hashes": [
                "sha256:1e61c37477a1626458e36f7b1d82aa5c9b094fa4802892072e49de9c60c4c926",
                "sha256:8abb2f1d86890a2dfb989f9a77cfcfd3e47c2a354b01111771326f8aa26e0254"
            ],
            "markers": "python_version >= '2.7' and python_version not in '3.0, 3.1, 3.2, 3.3'",
            "version": "==1.16.0"
        },
        "sorcery": {
            "hashes": [
                "sha256:b1acea661a1ce6a86052f5eb7919c6bc7c12755644f1ad6819006138860718e2"
            ],
            "index": "pypi",
            "version": "==0.2.1"
        },
        "toolz": {
            "hashes": [
                "sha256:2059bd4148deb1884bb0eb770a3cde70e7f954cfbbdc2285f1f2de01fd21eb6f",
                "sha256:88c570861c440ee3f2f6037c4654613228ff40c93a6c25e0eba70d17282c6194"
            ],
            "markers": "python_version >= '3.5'",
            "version": "==0.12.0"
        },
        "ujson": {
            "hashes": [
                "sha256:025758cf6561af6986d77cd4af9367ab56dde5c7c50f13f59e6964b4b25df73e",
                "sha256:0551c1ba0bc9e05b69d9c18266dbc93252b5fa3cd9940051bc88a0dd33607b19",
                "sha256:05e411627e5d6ee773232960ca7307e66017f78e3fa74f7e95c3a8cc5cb05415",
                "sha256:0b46aee21e5d75426c4058dfdb42f7e7b1d130c664ee5027a8dbbc50872dc32b",
                "sha256:0bcde3135265ecdd5714a7de4fdc167925390d7b17ca325e59980f4114c962b8",
                "sha256:1120c8263f7d85e89533a2b46d80cc6def15114772010ede4d197739e111dba6",
                "sha256:13297a7d501f9c8c53e409d4fa57cc574e4fbfbe8807ef2c4c7ce2e3ec933a85",
                "sha256:191f88d5865740497b9827ef9b7c12f37a79872ac984e09f0901a10024019380",
                "sha256:1a2e645325f844f9c890c9d956fc2d35ca91f38c857278238ef6516c2f99cf7c",
                "sha256:2974b17bc522ef86d98b498959d82f03c02e07d9eb08746026415298f4a4bca3",
                "sha256:2d98248f1df1e1aab67e0374ab98945dd36bc1764753d71fd8aea5f296360b76",
                "sha256:31bdb6d771d5ef6d37134b42211500bfe176c55d399f3317e569783dc42ed38e",
                "sha256:3212847d3885bfd4f5fd56cdc37645a8f8e8a80d6cb569505da22fd9eb0e1a02",
                "sha256:326a96324ed9215b0bc9f1a5af324fb33900b6b0901516bcc421475d6596de0d",
                "sha256:381c97d326d1ec569d318cc0ae83940ea2df125ede1000871680fefd5b7fdea9",
                "sha256:39bb702ca1612253b5e4b6004e0f20208c98a446606aa351f9a7ba5ceaff0eb8",
                "sha256:3a0707f381f97e1287c0dbf94d95bd6c0bbf6e4eeeaa656f0076b7883010c818",
                "sha256:400e4ca8a59f71398e8fa56c4d2d6f535e2a121ddb57284ec15752ffce2dd63a",
                "sha256:422653083c6df6cec17fdb5d6106c209aad9b0c94131c53b073980403db22167",
                "sha256:511aa641a5b91d19280183b134fb6c473039d4dd82e987ac810cffba783521ac",
                "sha256:5df8b6369ee5ee2685fcc917f6c46b34e599c6e9a512fada6dfd752b909fa06a",
                "sha256:67f4e2fa81e1d99c01e7b1978ab0cbf3c9a8b663f683a709f87baad110d5b940",
                "sha256:68c7f753aec490c6566fd3cd301887c413ac3a588316e446f30a4134ac665668",
                "sha256:6a20f2f6e8818c1ab89dd4be6bbad3fc2ddb15287f89e7ea35f3eb849afebbd9",
                "sha256:6b953e09441e307504130755e5bd6b15850178d591f66292bba4608c4f7f9b00",
                "sha256:754f422aba8db8201a1073f25e2f732effc6471f8755708b16e6ebf19dd23634",
                "sha256:784dbd12925845a3f0757a956447e2fd31418abb5aeaebf3aca1203195f16fd1",
                "sha256:7d4c9ccd30e621e714ec24ca911ad8873567dc1ac1e5e914405ea9dd16b9d40c",
                "sha256:7e12272361e9722777c83b3f5b0bb91d402531f36e80c6e5fafb6acb89e897e3",
                "sha256:8cce79ce47c37132373fbdf55b683883c262a3a60763130e080b8394c1201d32",
                "sha256:8cd6117e33233f2de6bc896eea6a5a59b58a37db08f371157264e0ec5e51c76a",
                "sha256:8d472efa9c92e1b2933a22d2f1dbd5237087997136b24ac2b913bf4e8be03135",
                "sha256:91edcf9978ee401119e9c8589376ae37fd3e6e75ee365c49385cb005eaff1535",
                "sha256:9ae1d0094ce730e39e09656bc14074d9573cdd80adec1a55b06d8bf1f9613a01",
                "sha256:aa00b746138835271653b0c3da171d2a8b510c579381f71e8b8e03484d50d825",
                "sha256:aaa77af91df3f71858a1f792c74d3f2d3abf3875f93ab1a2b9a24b3797743b02",
                "sha256:b045ca5497a950cc3492840adb3bcb3b9e305ed6599ed14c6aeaa08011aa463f",
                "sha256:b40a3757a563ef77c3f2f9ea1732c2924e8b3b2bda3fa89513f949472ad40b6e",
                "sha256:baa76a6f707a6d22437fe9c7ec9719672fb04d4d9435a3e80ee9b1aaeb2089d9",
                "sha256:cec010d318a0238b1333ea9f40d5603d374cc026c29c4471e2661712c6682da1",
                "sha256:dd0d4ec694cab8a0a4d85f45f81ae0065465c4670f0db72ba48d6c4e7ae42834",
                "sha256:e2a9ddb5c6d1427056b8d62a1a172a18ae522b14d9ba5996b8281b09cba87edd",
                "sha256:e844be0831042aa91e847e5ab03bddd1089ab1a8dd0a1bf90411abf864f058b2",
                "sha256:e91947fda8354ea7faf698b084ebcdbabd239e7b15d8436fb74394f59a207ac9",
                "sha256:ea7fbc540bc04d5b05e5cd54e60ee8745ac665eedf2bad2ba9d12d5c7a7b7d2e",
                "sha256:ee29cf5cfc1e841708297633e1ce749aa851fb96830bbe51f2e5940741ff2441",
                "sha256:ef985eb2770900a485431910bd3f333b56d1a34b65f8c26a6ed8e8adf55f98d9",
                "sha256:f5c547d49a7e9d3f231e9323171bbbbcef63173fb007a2787cd4f05ac6269315",
                "sha256:fbea46c0fbc1c3bc8f957afd8dbb25b4ea3a356e18ee6dd79ace6cf32bd4cff7",
                "sha256:fd82932aaa224abd7d01e823b77aef9970f5ac1695027331d99e7f5fda9d37f5"
            ],
            "index": "pypi",
            "version": "==5.4.0"
        },
        "urllib3": {
            "hashes": [
                "sha256:3fa96cf423e6987997fc326ae8df396db2a8b7c667747d47ddd8ecba91f4a74e",
                "sha256:b930dd878d5a8afb066a637fbb35144fe7901e3b209d1cd4f524bd0e9deee997"
            ],
            "markers": "python_version >= '2.7' and python_version not in '3.0, 3.1, 3.2, 3.3, 3.4, 3.5' and python_version < '4'",
            "version": "==1.26.12"
        },
        "voluptuous": {
            "hashes": [
                "sha256:4b838b185f5951f2d6e8752b68fcf18bd7a9c26ded8f143f92d6d28f3921a3e6",
                "sha256:e8d31c20601d6773cb14d4c0f42aee29c6821bbd1018039aac7ac5605b489723"
            ],
            "version": "==0.13.1"
        },
        "w3lib": {
            "hashes": [
                "sha256:13df15f8c17b163de0fd5faa892c1ad143e190dfcbdb98534bb975eb37c6c7d6",
                "sha256:c5d966f86ae3fb546854478c769250c3ccb7581515b3221bcd2f864440000188"
            ],
            "markers": "python_version >= '3.6'",
            "version": "==2.0.1"
        },
        "wcwidth": {
            "hashes": [
                "sha256:beb4802a9cebb9144e99086eff703a642a13d6a0052920003a230f3294bbe784",
                "sha256:c4d647b99872929fdb7bdcaa4fbe7f01413ed3d98077df798530e5b04f116c83"
            ],
            "version": "==0.2.5"
        },
        "wrapt": {
            "hashes": [
                "sha256:00b6d4ea20a906c0ca56d84f93065b398ab74b927a7a3dbd470f6fc503f95dc3",
                "sha256:01c205616a89d09827986bc4e859bcabd64f5a0662a7fe95e0d359424e0e071b",
                "sha256:02b41b633c6261feff8ddd8d11c711df6842aba629fdd3da10249a53211a72c4",
                "sha256:07f7a7d0f388028b2df1d916e94bbb40624c59b48ecc6cbc232546706fac74c2",
                "sha256:11871514607b15cfeb87c547a49bca19fde402f32e2b1c24a632506c0a756656",
                "sha256:1b376b3f4896e7930f1f772ac4b064ac12598d1c38d04907e696cc4d794b43d3",
                "sha256:21ac0156c4b089b330b7666db40feee30a5d52634cc4560e1905d6529a3897ff",
                "sha256:257fd78c513e0fb5cdbe058c27a0624c9884e735bbd131935fd49e9fe719d310",
                "sha256:2b39d38039a1fdad98c87279b48bc5dce2c0ca0d73483b12cb72aa9609278e8a",
                "sha256:2cf71233a0ed05ccdabe209c606fe0bac7379fdcf687f39b944420d2a09fdb57",
                "sha256:2fe803deacd09a233e4762a1adcea5db5d31e6be577a43352936179d14d90069",
                "sha256:3232822c7d98d23895ccc443bbdf57c7412c5a65996c30442ebe6ed3df335383",
                "sha256:34aa51c45f28ba7f12accd624225e2b1e5a3a45206aa191f6f9aac931d9d56fe",
                "sha256:36f582d0c6bc99d5f39cd3ac2a9062e57f3cf606ade29a0a0d6b323462f4dd87",
                "sha256:380a85cf89e0e69b7cfbe2ea9f765f004ff419f34194018a6827ac0e3edfed4d",
                "sha256:40e7bc81c9e2b2734ea4bc1aceb8a8f0ceaac7c5299bc5d69e37c44d9081d43b",
                "sha256:43ca3bbbe97af00f49efb06e352eae40434ca9d915906f77def219b88e85d907",
                "sha256:4fcc4649dc762cddacd193e6b55bc02edca674067f5f98166d7713b193932b7f",
                "sha256:5a0f54ce2c092aaf439813735584b9537cad479575a09892b8352fea5e988dc0",
                "sha256:5a9a0d155deafd9448baff28c08e150d9b24ff010e899311ddd63c45c2445e28",
                "sha256:5b02d65b9ccf0ef6c34cba6cf5bf2aab1bb2f49c6090bafeecc9cd81ad4ea1c1",
                "sha256:60db23fa423575eeb65ea430cee741acb7c26a1365d103f7b0f6ec412b893853",
                "sha256:642c2e7a804fcf18c222e1060df25fc210b9c58db7c91416fb055897fc27e8cc",
                "sha256:6a9a25751acb379b466ff6be78a315e2b439d4c94c1e99cb7266d40a537995d3",
                "sha256:6b1a564e6cb69922c7fe3a678b9f9a3c54e72b469875aa8018f18b4d1dd1adf3",
                "sha256:6d323e1554b3d22cfc03cd3243b5bb815a51f5249fdcbb86fda4bf62bab9e164",
                "sha256:6e743de5e9c3d1b7185870f480587b75b1cb604832e380d64f9504a0535912d1",
                "sha256:709fe01086a55cf79d20f741f39325018f4df051ef39fe921b1ebe780a66184c",
                "sha256:7b7c050ae976e286906dd3f26009e117eb000fb2cf3533398c5ad9ccc86867b1",
                "sha256:7d2872609603cb35ca513d7404a94d6d608fc13211563571117046c9d2bcc3d7",
                "sha256:7ef58fb89674095bfc57c4069e95d7a31cfdc0939e2a579882ac7d55aadfd2a1",
                "sha256:80bb5c256f1415f747011dc3604b59bc1f91c6e7150bd7db03b19170ee06b320",
                "sha256:81b19725065dcb43df02b37e03278c011a09e49757287dca60c5aecdd5a0b8ed",
                "sha256:833b58d5d0b7e5b9832869f039203389ac7cbf01765639c7309fd50ef619e0b1",
                "sha256:88bd7b6bd70a5b6803c1abf6bca012f7ed963e58c68d76ee20b9d751c74a3248",
                "sha256:8ad85f7f4e20964db4daadcab70b47ab05c7c1cf2a7c1e51087bfaa83831854c",
                "sha256:8c0ce1e99116d5ab21355d8ebe53d9460366704ea38ae4d9f6933188f327b456",
                "sha256:8d649d616e5c6a678b26d15ece345354f7c2286acd6db868e65fcc5ff7c24a77",
                "sha256:903500616422a40a98a5a3c4ff4ed9d0066f3b4c951fa286018ecdf0750194ef",
                "sha256:9736af4641846491aedb3c3f56b9bc5568d92b0692303b5a305301a95dfd38b1",
                "sha256:988635d122aaf2bdcef9e795435662bcd65b02f4f4c1ae37fbee7401c440b3a7",
                "sha256:9cca3c2cdadb362116235fdbd411735de4328c61425b0aa9f872fd76d02c4e86",
                "sha256:9e0fd32e0148dd5dea6af5fee42beb949098564cc23211a88d799e434255a1f4",
                "sha256:9f3e6f9e05148ff90002b884fbc2a86bd303ae847e472f44ecc06c2cd2fcdb2d",
                "sha256:a85d2b46be66a71bedde836d9e41859879cc54a2a04fad1191eb50c2066f6e9d",
                "sha256:a9a52172be0b5aae932bef82a79ec0a0ce87288c7d132946d645eba03f0ad8a8",
                "sha256:aa31fdcc33fef9eb2552cbcbfee7773d5a6792c137b359e82879c101e98584c5",
                "sha256:b014c23646a467558be7da3d6b9fa409b2c567d2110599b7cf9a0c5992b3b471",
                "sha256:b21bb4c09ffabfa0e85e3a6b623e19b80e7acd709b9f91452b8297ace2a8ab00",
                "sha256:b5901a312f4d14c59918c221323068fad0540e34324925c8475263841dbdfe68",
                "sha256:b9b7a708dd92306328117d8c4b62e2194d00c365f18eff11a9b53c6f923b01e3",
                "sha256:d1967f46ea8f2db647c786e78d8cc7e4313dbd1b0aca360592d8027b8508e24d",
                "sha256:d52a25136894c63de15a35bc0bdc5adb4b0e173b9c0d07a2be9d3ca64a332735",
                "sha256:d77c85fedff92cf788face9bfa3ebaa364448ebb1d765302e9af11bf449ca36d",
                "sha256:d79d7d5dc8a32b7093e81e97dad755127ff77bcc899e845f41bf71747af0c569",
                "sha256:dbcda74c67263139358f4d188ae5faae95c30929281bc6866d00573783c422b7",
                "sha256:ddaea91abf8b0d13443f6dac52e89051a5063c7d014710dcb4d4abb2ff811a59",
                "sha256:dee0ce50c6a2dd9056c20db781e9c1cfd33e77d2d569f5d1d9321c641bb903d5",
                "sha256:dee60e1de1898bde3b238f18340eec6148986da0455d8ba7848d50470a7a32fb",
                "sha256:e2f83e18fe2f4c9e7db597e988f72712c0c3676d337d8b101f6758107c42425b",
                "sha256:e3fb1677c720409d5f671e39bac6c9e0e422584e5f518bfd50aa4cbbea02433f",
                "sha256:ee2b1b1769f6707a8a445162ea16dddf74285c3964f605877a20e38545c3c462",
                "sha256:ee6acae74a2b91865910eef5e7de37dc6895ad96fa23603d1d27ea69df545015",
                "sha256:ef3f72c9666bba2bab70d2a8b79f2c6d2c1a42a7f7e2b0ec83bb2f9e383950af"
            ],
            "markers": "python_version >= '2.7' and python_version not in '3.0, 3.1, 3.2, 3.3, 3.4'",
            "version": "==1.14.1"
        }
    },
    "develop": {
        "autopep8": {
            "hashes": [
                "sha256:d21d3901cb0da6ebd1e83fc9b0dfbde8b46afc2ede4fe32fbda0c7c6118ca094"
            ],
            "index": "pypi",
            "version": "==1.5.4"
        },
        "flake8": {
            "hashes": [
                "sha256:749dbbd6bfd0cf1318af27bf97a14e28e5ff548ef8e5b1566ccfb25a11e7c839",
                "sha256:aadae8761ec651813c24be05c6f7b4680857ef6afaae4651a4eccaef97ce6c3b"
            ],
            "index": "pypi",
            "version": "==3.8.4"
        },
        "jedi": {
            "hashes": [
                "sha256:18456d83f65f400ab0c2d3319e48520420ef43b23a086fdc05dff34132f0fb93",
                "sha256:92550a404bad8afed881a137ec9a461fed49eca661414be45059329614ed0707"
            ],
            "index": "pypi",
            "version": "==0.18.0"
        },
        "mccabe": {
            "hashes": [
                "sha256:ab8a6258860da4b6677da4bd2fe5dc2c659cff31b3ee4f7f5d64e79735b80d42",
                "sha256:dd8d182285a0fe56bace7f45b5e7d1a6ebcbf524e8f3bd87eb0f125271b8831f"
            ],
            "version": "==0.6.1"
        },
        "parso": {
            "hashes": [
                "sha256:8c07be290bb59f03588915921e29e8a50002acaf2cdc5fa0e0114f91709fafa0",
                "sha256:c001d4636cd3aecdaf33cbb40aebb59b094be2a74c556778ef5576c175e19e75"
            ],
            "markers": "python_version >= '3.6'",
            "version": "==0.8.3"
        },
        "pycodestyle": {
            "hashes": [
                "sha256:2295e7b2f6b5bd100585ebcb1f616591b652db8a741695b3d8f5d28bdc934367",
                "sha256:c58a7d2815e0e8d7972bf1803331fb0152f867bd89adf8a01dfd55085434192e"
            ],
            "markers": "python_version >= '2.7' and python_version not in '3.0, 3.1, 3.2, 3.3'",
            "version": "==2.6.0"
        },
        "pyflakes": {
            "hashes": [
                "sha256:0d94e0e05a19e57a99444b6ddcf9a6eb2e5c68d3ca1e98e90707af8152c90a92",
                "sha256:35b2d75ee967ea93b55750aa9edbbf72813e06a66ba54438df2cfac9e3c27fc8"
            ],
            "markers": "python_version >= '2.7' and python_version not in '3.0, 3.1, 3.2, 3.3'",
            "version": "==2.2.0"
        },
        "toml": {
            "hashes": [
                "sha256:806143ae5bfb6a3c6e736a764057db0e6a0e05e338b5630894a5f779cabb4f9b",
                "sha256:b3bda1d108d5dd99f4a20d24d9c348e91c4db7ab1b749200bded2f839ccbe68f"
            ],
            "markers": "python_version >= '2.6' and python_version not in '3.0, 3.1, 3.2, 3.3'",
            "version": "==0.10.2"
        }
    }
}
